
Microsoft Visual Studio Solution File, Format Version 12.00
# Visual Studio Version 17
VisualStudioVersion = 17.3.32804.467
MinimumVisualStudioVersion = 10.0.40219.1
Project("{FAE04EC0-301F-11D3-BF4B-00C04F79EFBC}") = "TDDMicroExercises", "TDDMicroExercises.csproj", "{BBCF3C67-8E31-48E3-AD2E-8C605E2E07BE}"
EndProject
Project("{FAE04EC0-301F-11D3-BF4B-00C04F79EFBC}") = "NUnitTests", "..\NUnitTests\NUnitTests.csproj", "{CA5C7F27-6F75-41F6-8384-3077F22C2256}"
EndProject
Global
	GlobalSection(SolutionConfigurationPlatforms) = preSolution
		Debug|Any CPU = Debug|Any CPU
		Release|Any CPU = Release|Any CPU
	EndGlobalSection
	GlobalSection(ProjectConfigurationPlatforms) = postSolution
		{BBCF3C67-8E31-48E3-AD2E-8C605E2E07BE}.Debug|Any CPU.ActiveCfg = Debug|Any CPU
		{BBCF3C67-8E31-48E3-AD2E-8C605E2E07BE}.Debug|Any CPU.Build.0 = Debug|Any CPU
		{BBCF3C67-8E31-48E3-AD2E-8C605E2E07BE}.Release|Any CPU.ActiveCfg = Release|Any CPU
		{BBCF3C67-8E31-48E3-AD2E-8C605E2E07BE}.Release|Any CPU.Build.0 = Release|Any CPU
		{CA5C7F27-6F75-41F6-8384-3077F22C2256}.Debug|Any CPU.ActiveCfg = Debug|Any CPU
		{CA5C7F27-6F75-41F6-8384-3077F22C2256}.Debug|Any CPU.Build.0 = Debug|Any CPU
		{CA5C7F27-6F75-41F6-8384-3077F22C2256}.Release|Any CPU.ActiveCfg = Release|Any CPU
		{CA5C7F27-6F75-41F6-8384-3077F22C2256}.Release|Any CPU.Build.0 = Release|Any CPU
	EndGlobalSection
	GlobalSection(SolutionProperties) = preSolution
		HideSolutionNode = FALSE
	EndGlobalSection
	GlobalSection(ExtensibilityGlobals) = postSolution
		SolutionGuid = {21F49391-0D3C-4791-93FF-AB084D96F435}
	EndGlobalSection
EndGlobal
